
Microsoft Visual Studio Solution File, Format Version 12.00
# Visual Studio 15
VisualStudioVersion = 15.0.26730.16
MinimumVisualStudioVersion = 10.0.40219.1
Project("{FAE04EC0-301F-11D3-BF4B-00C04F79EFBC}") = "social-tap", "social-tap\social-tap.csproj", "{A91493B3-5B94-4340-B3EA-2C33C1E3DD4C}"
EndProject
Project("{FAE04EC0-301F-11D3-BF4B-00C04F79EFBC}") = "social-tapTests", "social-tapTests\social-tapTests.csproj", "{63EF43AF-0BC1-4291-87C8-1EE075458CF7}"
EndProject
Global
	GlobalSection(SolutionConfigurationPlatforms) = preSolution
		Debug|Any CPU = Debug|Any CPU
		Release|Any CPU = Release|Any CPU
	EndGlobalSection
	GlobalSection(ProjectConfigurationPlatforms) = postSolution
		{A91493B3-5B94-4340-B3EA-2C33C1E3DD4C}.Debug|Any CPU.ActiveCfg = Debug|Any CPU
		{A91493B3-5B94-4340-B3EA-2C33C1E3DD4C}.Debug|Any CPU.Build.0 = Debug|Any CPU
		{A91493B3-5B94-4340-B3EA-2C33C1E3DD4C}.Release|Any CPU.ActiveCfg = Release|Any CPU
		{A91493B3-5B94-4340-B3EA-2C33C1E3DD4C}.Release|Any CPU.Build.0 = Release|Any CPU
		{63EF43AF-0BC1-4291-87C8-1EE075458CF7}.Debug|Any CPU.ActiveCfg = Debug|Any CPU
		{63EF43AF-0BC1-4291-87C8-1EE075458CF7}.Debug|Any CPU.Build.0 = Debug|Any CPU
		{63EF43AF-0BC1-4291-87C8-1EE075458CF7}.Release|Any CPU.ActiveCfg = Release|Any CPU
		{63EF43AF-0BC1-4291-87C8-1EE075458CF7}.Release|Any CPU.Build.0 = Release|Any CPU
	EndGlobalSection
	GlobalSection(SolutionProperties) = preSolution
		HideSolutionNode = FALSE
	EndGlobalSection
	GlobalSection(ExtensibilityGlobals) = postSolution
		SolutionGuid = {287D997D-79FF-4B8E-BAA0-86CF7C6427C7}
	EndGlobalSection
EndGlobal
