
Microsoft Visual Studio Solution File, Format Version 12.00
# Visual Studio 15
VisualStudioVersion = 15.0.27004.2005
MinimumVisualStudioVersion = 10.0.40219.1
Project("{9A19103F-16F7-4668-BE54-9A1E7A4F7556}") = "Social-tap-API", "Social-tap-API\Social-tap-API.csproj", "{1ABFF3D2-8E00-423A-9D2E-918A5945B208}"
EndProject
Project("{FAE04EC0-301F-11D3-BF4B-00C04F79EFBC}") = "STapiTests", "STapiTests\STapiTests.csproj", "{5EB5339E-C5D6-42AB-8F73-953F453BEF0C}"
EndProject
Global
	GlobalSection(SolutionConfigurationPlatforms) = preSolution
		Debug|Any CPU = Debug|Any CPU
		Release|Any CPU = Release|Any CPU
	EndGlobalSection
	GlobalSection(ProjectConfigurationPlatforms) = postSolution
		{1ABFF3D2-8E00-423A-9D2E-918A5945B208}.Debug|Any CPU.ActiveCfg = Debug|Any CPU
		{1ABFF3D2-8E00-423A-9D2E-918A5945B208}.Debug|Any CPU.Build.0 = Debug|Any CPU
		{1ABFF3D2-8E00-423A-9D2E-918A5945B208}.Release|Any CPU.ActiveCfg = Release|Any CPU
		{1ABFF3D2-8E00-423A-9D2E-918A5945B208}.Release|Any CPU.Build.0 = Release|Any CPU
		{5EB5339E-C5D6-42AB-8F73-953F453BEF0C}.Debug|Any CPU.ActiveCfg = Debug|Any CPU
		{5EB5339E-C5D6-42AB-8F73-953F453BEF0C}.Debug|Any CPU.Build.0 = Debug|Any CPU
		{5EB5339E-C5D6-42AB-8F73-953F453BEF0C}.Release|Any CPU.ActiveCfg = Release|Any CPU
		{5EB5339E-C5D6-42AB-8F73-953F453BEF0C}.Release|Any CPU.Build.0 = Release|Any CPU
	EndGlobalSection
	GlobalSection(SolutionProperties) = preSolution
		HideSolutionNode = FALSE
	EndGlobalSection
	GlobalSection(ExtensibilityGlobals) = postSolution
		SolutionGuid = {B00BA95A-74E2-47A4-B46D-50D448450B88}
	EndGlobalSection
EndGlobal
