Microsoft Visual Studio Solution File, Format Version 12.00
# Visual Studio 15
VisualStudioVersion = 15.0.27004.2005
MinimumVisualStudioVersion = 10.0.40219.1
Project("{FAE04EC0-301F-11D3-BF4B-00C04F79EFBC}") = "Social-tap", "Social-tap\Social-tap.csproj", "{40116070-DC3A-402A-BC17-75D4BFA6829E}"
EndProject
Project("{FAE04EC0-301F-11D3-BF4B-00C04F79EFBC}") = "Social-tap.UITests", "Social-tap.UITests\Social-tap.UITests.csproj", "{68AF2503-0D1D-4CD1-A555-CE45FCE3F16E}"
EndProject
Global
	GlobalSection(SolutionConfigurationPlatforms) = preSolution
		Debug|Any CPU = Debug|Any CPU
		Release|Any CPU = Release|Any CPU
	EndGlobalSection
	GlobalSection(ProjectConfigurationPlatforms) = postSolution
		{40116070-DC3A-402A-BC17-75D4BFA6829E}.Debug|Any CPU.ActiveCfg = Debug|Any CPU
		{40116070-DC3A-402A-BC17-75D4BFA6829E}.Debug|Any CPU.Build.0 = Debug|Any CPU
		{40116070-DC3A-402A-BC17-75D4BFA6829E}.Debug|Any CPU.Deploy.0 = Debug|Any CPU
		{40116070-DC3A-402A-BC17-75D4BFA6829E}.Release|Any CPU.ActiveCfg = Release|Any CPU
		{40116070-DC3A-402A-BC17-75D4BFA6829E}.Release|Any CPU.Build.0 = Release|Any CPU
		{68AF2503-0D1D-4CD1-A555-CE45FCE3F16E}.Debug|Any CPU.ActiveCfg = Debug|Any CPU
		{68AF2503-0D1D-4CD1-A555-CE45FCE3F16E}.Debug|Any CPU.Build.0 = Debug|Any CPU
		{68AF2503-0D1D-4CD1-A555-CE45FCE3F16E}.Release|Any CPU.ActiveCfg = Release|Any CPU
		{68AF2503-0D1D-4CD1-A555-CE45FCE3F16E}.Release|Any CPU.Build.0 = Release|Any CPU
	EndGlobalSection
	GlobalSection(SolutionProperties) = preSolution
		HideSolutionNode = FALSE
	EndGlobalSection
	GlobalSection(ExtensibilityGlobals) = postSolution
		SolutionGuid = {944FDD74-2380-4705-8D09-39B71D2AB5E6}
	EndGlobalSection
EndGlobal
